
Microsoft Visual Studio Solution File, Format Version 12.00
# Visual Studio 14
VisualStudioVersion = 14.0.24720.0
MinimumVisualStudioVersion = 10.0.40219.1
Project("{FAE04EC0-301F-11D3-BF4B-00C04F79EFBC}") = "Gro2u", "Gro2u\Gro2u.csproj", "{06257E4B-6403-4280-9632-0515BBF58274}"
EndProject
Project("{FAE04EC0-301F-11D3-BF4B-00C04F79EFBC}") = "Gro2u.Tests", "Gro2u.Tests\Gro2u.Tests.csproj", "{6BD11E72-7CC1-4EB8-A56C-EB3555DC82B3}"
EndProject
Global
	GlobalSection(SolutionConfigurationPlatforms) = preSolution
		Debug|Any CPU = Debug|Any CPU
		Release|Any CPU = Release|Any CPU
	EndGlobalSection
	GlobalSection(ProjectConfigurationPlatforms) = postSolution
		{06257E4B-6403-4280-9632-0515BBF58274}.Debug|Any CPU.ActiveCfg = Debug|Any CPU
		{06257E4B-6403-4280-9632-0515BBF58274}.Debug|Any CPU.Build.0 = Debug|Any CPU
		{06257E4B-6403-4280-9632-0515BBF58274}.Release|Any CPU.ActiveCfg = Release|Any CPU
		{06257E4B-6403-4280-9632-0515BBF58274}.Release|Any CPU.Build.0 = Release|Any CPU
		{6BD11E72-7CC1-4EB8-A56C-EB3555DC82B3}.Debug|Any CPU.ActiveCfg = Debug|Any CPU
		{6BD11E72-7CC1-4EB8-A56C-EB3555DC82B3}.Debug|Any CPU.Build.0 = Debug|Any CPU
		{6BD11E72-7CC1-4EB8-A56C-EB3555DC82B3}.Release|Any CPU.ActiveCfg = Release|Any CPU
		{6BD11E72-7CC1-4EB8-A56C-EB3555DC82B3}.Release|Any CPU.Build.0 = Release|Any CPU
	EndGlobalSection
	GlobalSection(SolutionProperties) = preSolution
		HideSolutionNode = FALSE
	EndGlobalSection
EndGlobal
